// !$*UTF8*$!
{
	archiveVersion = 1;
	classes = {
	};
	objectVersion = 50;
	objects = {

/* Begin PBXBuildFile section */
		403A12F5213CD683007A8B96 /* AppDelegate.swift in Sources */ = {isa = PBXBuildFile; fileRef = 403A12F4213CD683007A8B96 /* AppDelegate.swift */; };
		403A12F7213CD683007A8B96 /* ViewController.swift in Sources */ = {isa = PBXBuildFile; fileRef = 403A12F6213CD683007A8B96 /* ViewController.swift */; };
		403A12FA213CD683007A8B96 /* Main.storyboard in Resources */ = {isa = PBXBuildFile; fileRef = 403A12F8213CD683007A8B96 /* Main.storyboard */; };
		403A12FC213CD686007A8B96 /* Assets.xcassets in Resources */ = {isa = PBXBuildFile; fileRef = 403A12FB213CD686007A8B96 /* Assets.xcassets */; };
		403A12FF213CD686007A8B96 /* LaunchScreen.storyboard in Resources */ = {isa = PBXBuildFile; fileRef = 403A12FD213CD686007A8B96 /* LaunchScreen.storyboard */; };
		403A130A213CD686007A8B96 /* ReaderPlanTests.swift in Sources */ = {isa = PBXBuildFile; fileRef = 403A1309213CD686007A8B96 /* ReaderPlanTests.swift */; };
		403A1315213CD686007A8B96 /* ReaderPlanUITests.swift in Sources */ = {isa = PBXBuildFile; fileRef = 403A1314213CD686007A8B96 /* ReaderPlanUITests.swift */; };
/* End PBXBuildFile section */

/* Begin PBXContainerItemProxy section */
		403A1306213CD686007A8B96 /* PBXContainerItemProxy */ = {
			isa = PBXContainerItemProxy;
			containerPortal = 403A12E9213CD683007A8B96 /* Project object */;
			proxyType = 1;
			remoteGlobalIDString = 403A12F0213CD683007A8B96;
			remoteInfo = ReaderPlan;
		};
		403A1311213CD686007A8B96 /* PBXContainerItemProxy */ = {
			isa = PBXContainerItemProxy;
			containerPortal = 403A12E9213CD683007A8B96 /* Project object */;
			proxyType = 1;
			remoteGlobalIDString = 403A12F0213CD683007A8B96;
			remoteInfo = ReaderPlan;
		};
/* End PBXContainerItemProxy section */

/* Begin PBXFileReference section */
		403A12F1213CD683007A8B96 /* ReaderPlan.app */ = {isa = PBXFileReference; explicitFileType = wrapper.application; includeInIndex = 0; path = ReaderPlan.app; sourceTree = BUILT_PRODUCTS_DIR; };
		403A12F4213CD683007A8B96 /* AppDelegate.swift */ = {isa = PBXFileReference; lastKnownFileType = sourcecode.swift; path = AppDelegate.swift; sourceTree = "<group>"; };
		403A12F6213CD683007A8B96 /* ViewController.swift */ = {isa = PBXFileReference; lastKnownFileType = sourcecode.swift; path = ViewController.swift; sourceTree = "<group>"; };
		403A12F9213CD683007A8B96 /* Base */ = {isa = PBXFileReference; lastKnownFileType = file.storyboard; name = Base; path = Base.lproj/Main.storyboard; sourceTree = "<group>"; };
		403A12FB213CD686007A8B96 /* Assets.xcassets */ = {isa = PBXFileReference; lastKnownFileType = folder.assetcatalog; path = Assets.xcassets; sourceTree = "<group>"; };
		403A12FE213CD686007A8B96 /* Base */ = {isa = PBXFileReference; lastKnownFileType = file.storyboard; name = Base; path = Base.lproj/LaunchScreen.storyboard; sourceTree = "<group>"; };
		403A1300213CD686007A8B96 /* Info.plist */ = {isa = PBXFileReference; lastKnownFileType = text.plist.xml; path = Info.plist; sourceTree = "<group>"; };
		403A1305213CD686007A8B96 /* ReaderPlanTests.xctest */ = {isa = PBXFileReference; explicitFileType = wrapper.cfbundle; includeInIndex = 0; path = ReaderPlanTests.xctest; sourceTree = BUILT_PRODUCTS_DIR; };
		403A1309213CD686007A8B96 /* ReaderPlanTests.swift */ = {isa = PBXFileReference; lastKnownFileType = sourcecode.swift; path = ReaderPlanTests.swift; sourceTree = "<group>"; };
		403A130B213CD686007A8B96 /* Info.plist */ = {isa = PBXFileReference; lastKnownFileType = text.plist.xml; path = Info.plist; sourceTree = "<group>"; };
		403A1310213CD686007A8B96 /* ReaderPlanUITests.xctest */ = {isa = PBXFileReference; explicitFileType = wrapper.cfbundle; includeInIndex = 0; path = ReaderPlanUITests.xctest; sourceTree = BUILT_PRODUCTS_DIR; };
		403A1314213CD686007A8B96 /* ReaderPlanUITests.swift */ = {isa = PBXFileReference; lastKnownFileType = sourcecode.swift; path = ReaderPlanUITests.swift; sourceTree = "<group>"; };
		403A1316213CD686007A8B96 /* Info.plist */ = {isa = PBXFileReference; lastKnownFileType = text.plist.xml; path = Info.plist; sourceTree = "<group>"; };
/* End PBXFileReference section */

/* Begin PBXFrameworksBuildPhase section */
		403A12EE213CD683007A8B96 /* Frameworks */ = {
			isa = PBXFrameworksBuildPhase;
			buildActionMask = 2147483647;
			files = (
			);
			runOnlyForDeploymentPostprocessing = 0;
		};
		403A1302213CD686007A8B96 /* Frameworks */ = {
			isa = PBXFrameworksBuildPhase;
			buildActionMask = 2147483647;
			files = (
			);
			runOnlyForDeploymentPostprocessing = 0;
		};
		403A130D213CD686007A8B96 /* Frameworks */ = {
			isa = PBXFrameworksBuildPhase;
			buildActionMask = 2147483647;
			files = (
			);
			runOnlyForDeploymentPostprocessing = 0;
		};
/* End PBXFrameworksBuildPhase section */

/* Begin PBXGroup section */
		403A12E8213CD683007A8B96 = {
			isa = PBXGroup;
			children = (
				403A12F3213CD683007A8B96 /* ReaderPlan */,
				403A1308213CD686007A8B96 /* ReaderPlanTests */,
				403A1313213CD686007A8B96 /* ReaderPlanUITests */,
				403A12F2213CD683007A8B96 /* Products */,
			);
			sourceTree = "<group>";
		};
		403A12F2213CD683007A8B96 /* Products */ = {
			isa = PBXGroup;
			children = (
				403A12F1213CD683007A8B96 /* ReaderPlan.app */,
				403A1305213CD686007A8B96 /* ReaderPlanTests.xctest */,
				403A1310213CD686007A8B96 /* ReaderPlanUITests.xctest */,
			);
			name = Products;
			sourceTree = "<group>";
		};
		403A12F3213CD683007A8B96 /* ReaderPlan */ = {
			isa = PBXGroup;
			children = (
				403A12F4213CD683007A8B96 /* AppDelegate.swift */,
				403A12F6213CD683007A8B96 /* ViewController.swift */,
				403A12F8213CD683007A8B96 /* Main.storyboard */,
				403A12FB213CD686007A8B96 /* Assets.xcassets */,
				403A12FD213CD686007A8B96 /* LaunchScreen.storyboard */,
				403A1300213CD686007A8B96 /* Info.plist */,
			);
			path = ReaderPlan;
			sourceTree = "<group>";
		};
		403A1308213CD686007A8B96 /* ReaderPlanTests */ = {
			isa = PBXGroup;
			children = (
				403A1309213CD686007A8B96 /* ReaderPlanTests.swift */,
				403A130B213CD686007A8B96 /* Info.plist */,
			);
			path = ReaderPlanTests;
			sourceTree = "<group>";
		};
		403A1313213CD686007A8B96 /* ReaderPlanUITests */ = {
			isa = PBXGroup;
			children = (
				403A1314213CD686007A8B96 /* ReaderPlanUITests.swift */,
				403A1316213CD686007A8B96 /* Info.plist */,
			);
			path = ReaderPlanUITests;
			sourceTree = "<group>";
		};
/* End PBXGroup section */

/* Begin PBXNativeTarget section */
		403A12F0213CD683007A8B96 /* ReaderPlan */ = {
			isa = PBXNativeTarget;
			buildConfigurationList = 403A1319213CD686007A8B96 /* Build configuration list for PBXNativeTarget "ReaderPlan" */;
			buildPhases = (
				403A12ED213CD683007A8B96 /* Sources */,
				403A12EE213CD683007A8B96 /* Frameworks */,
				403A12EF213CD683007A8B96 /* Resources */,
			);
			buildRules = (
			);
			dependencies = (
			);
			name = ReaderPlan;
			productName = ReaderPlan;
			productReference = 403A12F1213CD683007A8B96 /* ReaderPlan.app */;
			productType = "com.apple.product-type.application";
		};
		403A1304213CD686007A8B96 /* ReaderPlanTests */ = {
			isa = PBXNativeTarget;
			buildConfigurationList = 403A131C213CD686007A8B96 /* Build configuration list for PBXNativeTarget "ReaderPlanTests" */;
			buildPhases = (
				403A1301213CD686007A8B96 /* Sources */,
				403A1302213CD686007A8B96 /* Frameworks */,
				403A1303213CD686007A8B96 /* Resources */,
			);
			buildRules = (
			);
			dependencies = (
				403A1307213CD686007A8B96 /* PBXTargetDependency */,
			);
			name = ReaderPlanTests;
			productName = ReaderPlanTests;
			productReference = 403A1305213CD686007A8B96 /* ReaderPlanTests.xctest */;
			productType = "com.apple.product-type.bundle.unit-test";
		};
		403A130F213CD686007A8B96 /* ReaderPlanUITests */ = {
			isa = PBXNativeTarget;
			buildConfigurationList = 403A131F213CD686007A8B96 /* Build configuration list for PBXNativeTarget "ReaderPlanUITests" */;
			buildPhases = (
				403A130C213CD686007A8B96 /* Sources */,
				403A130D213CD686007A8B96 /* Frameworks */,
				403A130E213CD686007A8B96 /* Resources */,
			);
			buildRules = (
			);
			dependencies = (
				403A1312213CD686007A8B96 /* PBXTargetDependency */,
			);
			name = ReaderPlanUITests;
			productName = ReaderPlanUITests;
			productReference = 403A1310213CD686007A8B96 /* ReaderPlanUITests.xctest */;
			productType = "com.apple.product-type.bundle.ui-testing";
		};
/* End PBXNativeTarget section */

/* Begin PBXProject section */
		403A12E9213CD683007A8B96 /* Project object */ = {
			isa = PBXProject;
			attributes = {
				LastSwiftUpdateCheck = 0940;
				LastUpgradeCheck = 0940;
				ORGANIZATIONNAME = MichaelHao;
				TargetAttributes = {
					403A12F0213CD683007A8B96 = {
						CreatedOnToolsVersion = 9.4.1;
					};
					403A1304213CD686007A8B96 = {
						CreatedOnToolsVersion = 9.4.1;
						TestTargetID = 403A12F0213CD683007A8B96;
					};
					403A130F213CD686007A8B96 = {
						CreatedOnToolsVersion = 9.4.1;
						TestTargetID = 403A12F0213CD683007A8B96;
					};
				};
			};
			buildConfigurationList = 403A12EC213CD683007A8B96 /* Build configuration list for PBXProject "ReaderPlan" */;
			compatibilityVersion = "Xcode 9.3";
			developmentRegion = en;
			hasScannedForEncodings = 0;
			knownRegions = (
				en,
				Base,
			);
			mainGroup = 403A12E8213CD683007A8B96;
			productRefGroup = 403A12F2213CD683007A8B96 /* Products */;
			projectDirPath = "";
			projectRoot = "";
			targets = (
				403A12F0213CD683007A8B96 /* ReaderPlan */,
				403A1304213CD686007A8B96 /* ReaderPlanTests */,
				403A130F213CD686007A8B96 /* ReaderPlanUITests */,
			);
		};
/* End PBXProject section */

/* Begin PBXResourcesBuildPhase section */
		403A12EF213CD683007A8B96 /* Resources */ = {
			isa = PBXResourcesBuildPhase;
			buildActionMask = 2147483647;
			files = (
				403A12FF213CD686007A8B96 /* LaunchScreen.storyboard in Resources */,
				403A12FC213CD686007A8B96 /* Assets.xcassets in Resources */,
				403A12FA213CD683007A8B96 /* Main.storyboard in Resources */,
			);
			runOnlyForDeploymentPostprocessing = 0;
		};
		403A1303213CD686007A8B96 /* Resources */ = {
			isa = PBXResourcesBuildPhase;
			buildActionMask = 2147483647;
			files = (
			);
			runOnlyForDeploymentPostprocessing = 0;
		};
		403A130E213CD686007A8B96 /* Resources */ = {
			isa = PBXResourcesBuildPhase;
			buildActionMask = 2147483647;
			files = (
			);
			runOnlyForDeploymentPostprocessing = 0;
		};
/* End PBXResourcesBuildPhase section */

/* Begin PBXSourcesBuildPhase section */
		403A12ED213CD683007A8B96 /* Sources */ = {
			isa = PBXSourcesBuildPhase;
			buildActionMask = 2147483647;
			files = (
				403A12F7213CD683007A8B96 /* ViewController.swift in Sources */,
				403A12F5213CD683007A8B96 /* AppDelegate.swift in Sources */,
			);
			runOnlyForDeploymentPostprocessing = 0;
		};
		403A1301213CD686007A8B96 /* Sources */ = {
			isa = PBXSourcesBuildPhase;
			buildActionMask = 2147483647;
			files = (
				403A130A213CD686007A8B96 /* ReaderPlanTests.swift in Sources */,
			);
			runOnlyForDeploymentPostprocessing = 0;
		};
		403A130C213CD686007A8B96 /* Sources */ = {
			isa = PBXSourcesBuildPhase;
			buildActionMask = 2147483647;
			files = (
				403A1315213CD686007A8B96 /* ReaderPlanUITests.swift in Sources */,
			);
			runOnlyForDeploymentPostprocessing = 0;
		};
/* End PBXSourcesBuildPhase section */

/* Begin PBXTargetDependency section */
		403A1307213CD686007A8B96 /* PBXTargetDependency */ = {
			isa = PBXTargetDependency;
			target = 403A12F0213CD683007A8B96 /* ReaderPlan */;
			targetProxy = 403A1306213CD686007A8B96 /* PBXContainerItemProxy */;
		};
		403A1312213CD686007A8B96 /* PBXTargetDependency */ = {
			isa = PBXTargetDependency;
			target = 403A12F0213CD683007A8B96 /* ReaderPlan */;
			targetProxy = 403A1311213CD686007A8B96 /* PBXContainerItemProxy */;
		};
/* End PBXTargetDependency section */

/* Begin PBXVariantGroup section */
		403A12F8213CD683007A8B96 /* Main.storyboard */ = {
			isa = PBXVariantGroup;
			children = (
				403A12F9213CD683007A8B96 /* Base */,
			);
			name = Main.storyboard;
			sourceTree = "<group>";
		};
		403A12FD213CD686007A8B96 /* LaunchScreen.storyboard */ = {
			isa = PBXVariantGroup;
			children = (
				403A12FE213CD686007A8B96 /* Base */,
			);
			name = LaunchScreen.storyboard;
			sourceTree = "<group>";
		};
/* End PBXVariantGroup section */

/* Begin XCBuildConfiguration section */
		403A1317213CD686007A8B96 /* Debug */ = {
			isa = XCBuildConfiguration;
			buildSettings = {
				ALWAYS_SEARCH_USER_PATHS = NO;
				CLANG_ANALYZER_NONNULL = YES;
				CLANG_ANALYZER_NUMBER_OBJECT_CONVERSION = YES_AGGRESSIVE;
				CLANG_CXX_LANGUAGE_STANDARD = "gnu++14";
				CLANG_CXX_LIBRARY = "libc++";
				CLANG_ENABLE_MODULES = YES;
				CLANG_ENABLE_OBJC_ARC = YES;
				CLANG_ENABLE_OBJC_WEAK = YES;
				CLANG_WARN_BLOCK_CAPTURE_AUTORELEASING = YES;
				CLANG_WARN_BOOL_CONVERSION = YES;
				CLANG_WARN_COMMA = YES;
				CLANG_WARN_CONSTANT_CONVERSION = YES;
				CLANG_WARN_DEPRECATED_OBJC_IMPLEMENTATIONS = YES;
				CLANG_WARN_DIRECT_OBJC_ISA_USAGE = YES_ERROR;
				CLANG_WARN_DOCUMENTATION_COMMENTS = YES;
				CLANG_WARN_EMPTY_BODY = YES;
				CLANG_WARN_ENUM_CONVERSION = YES;
				CLANG_WARN_INFINITE_RECURSION = YES;
				CLANG_WARN_INT_CONVERSION = YES;
				CLANG_WARN_NON_LITERAL_NULL_CONVERSION = YES;
				CLANG_WARN_OBJC_IMPLICIT_RETAIN_SELF = YES;
				CLANG_WARN_OBJC_LITERAL_CONVERSION = YES;
				CLANG_WARN_OBJC_ROOT_CLASS = YES_ERROR;
				CLANG_WARN_RANGE_LOOP_ANALYSIS = YES;
				CLANG_WARN_STRICT_PROTOTYPES = YES;
				CLANG_WARN_SUSPICIOUS_MOVE = YES;
				CLANG_WARN_UNGUARDED_AVAILABILITY = YES_AGGRESSIVE;
				CLANG_WARN_UNREACHABLE_CODE = YES;
				CLANG_WARN__DUPLICATE_METHOD_MATCH = YES;
				CODE_SIGN_IDENTITY = "iPhone Developer";
				COPY_PHASE_STRIP = NO;
				DEBUG_INFORMATION_FORMAT = dwarf;
				ENABLE_STRICT_OBJC_MSGSEND = YES;
				ENABLE_TESTABILITY = YES;
				GCC_C_LANGUAGE_STANDARD = gnu11;
				GCC_DYNAMIC_NO_PIC = NO;
				GCC_NO_COMMON_BLOCKS = YES;
				GCC_OPTIMIZATION_LEVEL = 0;
				GCC_PREPROCESSOR_DEFINITIONS = (
					"DEBUG=1",
					"$(inherited)",
				);
				GCC_WARN_64_TO_32_BIT_CONVERSION = YES;
				GCC_WARN_ABOUT_RETURN_TYPE = YES_ERROR;
				GCC_WARN_UNDECLARED_SELECTOR = YES;
				GCC_WARN_UNINITIALIZED_AUTOS = YES_AGGRESSIVE;
				GCC_WARN_UNUSED_FUNCTION = YES;
				GCC_WARN_UNUSED_VARIABLE = YES;
				IPHONEOS_DEPLOYMENT_TARGET = 11.4;
				MTL_ENABLE_DEBUG_INFO = YES;
				ONLY_ACTIVE_ARCH = YES;
				SDKROOT = iphoneos;
				SWIFT_ACTIVE_COMPILATION_CONDITIONS = DEBUG;
				SWIFT_OPTIMIZATION_LEVEL = "-Onone";
			};
			name = Debug;
		};
		403A1318213CD686007A8B96 /* Release */ = {
			isa = XCBuildConfiguration;
			buildSettings = {
				ALWAYS_SEARCH_USER_PATHS = NO;
				CLANG_ANALYZER_NONNULL = YES;
				CLANG_ANALYZER_NUMBER_OBJECT_CONVERSION = YES_AGGRESSIVE;
				CLANG_CXX_LANGUAGE_STANDARD = "gnu++14";
				CLANG_CXX_LIBRARY = "libc++";
				CLANG_ENABLE_MODULES = YES;
				CLANG_ENABLE_OBJC_ARC = YES;
				CLANG_ENABLE_OBJC_WEAK = YES;
				CLANG_WARN_BLOCK_CAPTURE_AUTORELEASING = YES;
				CLANG_WARN_BOOL_CONVERSION = YES;
				CLANG_WARN_COMMA = YES;
				CLANG_WARN_CONSTANT_CONVERSION = YES;
				CLANG_WARN_DEPRECATED_OBJC_IMPLEMENTATIONS = YES;
				CLANG_WARN_DIRECT_OBJC_ISA_USAGE = YES_ERROR;
				CLANG_WARN_DOCUMENTATION_COMMENTS = YES;
				CLANG_WARN_EMPTY_BODY = YES;
				CLANG_WARN_ENUM_CONVERSION = YES;
				CLANG_WARN_INFINITE_RECURSION = YES;
				CLANG_WARN_INT_CONVERSION = YES;
				CLANG_WARN_NON_LITERAL_NULL_CONVERSION = YES;
				CLANG_WARN_OBJC_IMPLICIT_RETAIN_SELF = YES;
				CLANG_WARN_OBJC_LITERAL_CONVERSION = YES;
				CLANG_WARN_OBJC_ROOT_CLASS = YES_ERROR;
				CLANG_WARN_RANGE_LOOP_ANALYSIS = YES;
				CLANG_WARN_STRICT_PROTOTYPES = YES;
				CLANG_WARN_SUSPICIOUS_MOVE = YES;
				CLANG_WARN_UNGUARDED_AVAILABILITY = YES_AGGRESSIVE;
				CLANG_WARN_UNREACHABLE_CODE = YES;
				CLANG_WARN__DUPLICATE_METHOD_MATCH = YES;
				CODE_SIGN_IDENTITY = "iPhone Developer";
				COPY_PHASE_STRIP = NO;
				DEBUG_INFORMATION_FORMAT = "dwarf-with-dsym";
				ENABLE_NS_ASSERTIONS = NO;
				ENABLE_STRICT_OBJC_MSGSEND = YES;
				GCC_C_LANGUAGE_STANDARD = gnu11;
				GCC_NO_COMMON_BLOCKS = YES;
				GCC_WARN_64_TO_32_BIT_CONVERSION = YES;
				GCC_WARN_ABOUT_RETURN_TYPE = YES_ERROR;
				GCC_WARN_UNDECLARED_SELECTOR = YES;
				GCC_WARN_UNINITIALIZED_AUTOS = YES_AGGRESSIVE;
				GCC_WARN_UNUSED_FUNCTION = YES;
				GCC_WARN_UNUSED_VARIABLE = YES;
				IPHONEOS_DEPLOYMENT_TARGET = 11.4;
				MTL_ENABLE_DEBUG_INFO = NO;
				SDKROOT = iphoneos;
				SWIFT_COMPILATION_MODE = wholemodule;
				SWIFT_OPTIMIZATION_LEVEL = "-O";
				VALIDATE_PRODUCT = YES;
			};
			name = Release;
		};
		403A131A213CD686007A8B96 /* Debug */ = {
			isa = XCBuildConfiguration;
			buildSettings = {
				ASSETCATALOG_COMPILER_APPICON_NAME = AppIcon;
				CODE_SIGN_STYLE = Automatic;
				DEVELOPMENT_TEAM = 65BZ7J45PP;
				INFOPLIST_FILE = ReaderPlan/Info.plist;
				LD_RUNPATH_SEARCH_PATHS = (
					"$(inherited)",
					"@executable_path/Frameworks",
				);
				PRODUCT_BUNDLE_IDENTIFIER = com.michaelhao.ReaderPlan;
				PRODUCT_NAME = "$(TARGET_NAME)";
				SWIFT_VERSION = 4.0;
				TARGETED_DEVICE_FAMILY = "1,2";
			};
			name = Debug;
		};
		403A131B213CD686007A8B96 /* Release */ = {
			isa = XCBuildConfiguration;
			buildSettings = {
				ASSETCATALOG_COMPILER_APPICON_NAME = AppIcon;
				CODE_SIGN_STYLE = Automatic;
				DEVELOPMENT_TEAM = 65BZ7J45PP;
				INFOPLIST_FILE = ReaderPlan/Info.plist;
				LD_RUNPATH_SEARCH_PATHS = (
					"$(inherited)",
					"@executable_path/Frameworks",
				);
				PRODUCT_BUNDLE_IDENTIFIER = com.michaelhao.ReaderPlan;
				PRODUCT_NAME = "$(TARGET_NAME)";
				SWIFT_VERSION = 4.0;
				TARGETED_DEVICE_FAMILY = "1,2";
			};
			name = Release;
		};
		403A131D213CD686007A8B96 /* Debug */ = {
			isa = XCBuildConfiguration;
			buildSettings = {
				ALWAYS_EMBED_SWIFT_STANDARD_LIBRARIES = YES;
				BUNDLE_LOADER = "$(TEST_HOST)";
				CODE_SIGN_STYLE = Automatic;
				DEVELOPMENT_TEAM = 65BZ7J45PP;
				INFOPLIST_FILE = ReaderPlanTests/Info.plist;
				LD_RUNPATH_SEARCH_PATHS = (
					"$(inherited)",
					"@executable_path/Frameworks",
					"@loader_path/Frameworks",
				);
				PRODUCT_BUNDLE_IDENTIFIER = com.michaelhao.ReaderPlanTests;
				PRODUCT_NAME = "$(TARGET_NAME)";
				SWIFT_VERSION = 4.0;
				TARGETED_DEVICE_FAMILY = "1,2";
				TEST_HOST = "$(BUILT_PRODUCTS_DIR)/ReaderPlan.app/ReaderPlan";
			};
			name = Debug;
		};
		403A131E213CD686007A8B96 /* Release */ = {
			isa = XCBuildConfiguration;
			buildSettings = {
				ALWAYS_EMBED_SWIFT_STANDARD_LIBRARIES = YES;
				BUNDLE_LOADER = "$(TEST_HOST)";
				CODE_SIGN_STYLE = Automatic;
				DEVELOPMENT_TEAM = 65BZ7J45PP;
				INFOPLIST_FILE = ReaderPlanTests/Info.plist;
				LD_RUNPATH_SEARCH_PATHS = (
					"$(inherited)",
					"@executable_path/Frameworks",
					"@loader_path/Frameworks",
				);
				PRODUCT_BUNDLE_IDENTIFIER = com.michaelhao.ReaderPlanTests;
				PRODUCT_NAME = "$(TARGET_NAME)";
				SWIFT_VERSION = 4.0;
				TARGETED_DEVICE_FAMILY = "1,2";
				TEST_HOST = "$(BUILT_PRODUCTS_DIR)/ReaderPlan.app/ReaderPlan";
			};
			name = Release;
		};
		403A1320213CD686007A8B96 /* Debug */ = {
			isa = XCBuildConfiguration;
			buildSettings = {
				ALWAYS_EMBED_SWIFT_STANDARD_LIBRARIES = YES;
				CODE_SIGN_STYLE = Automatic;
				DEVELOPMENT_TEAM = 65BZ7J45PP;
				INFOPLIST_FILE = ReaderPlanUITests/Info.plist;
				LD_RUNPATH_SEARCH_PATHS = (
					"$(inherited)",
					"@executable_path/Frameworks",
					"@loader_path/Frameworks",
				);
				PRODUCT_BUNDLE_IDENTIFIER = com.michaelhao.ReaderPlanUITests;
				PRODUCT_NAME = "$(TARGET_NAME)";
				SWIFT_VERSION = 4.0;
				TARGETED_DEVICE_FAMILY = "1,2";
				TEST_TARGET_NAME = ReaderPlan;
			};
			name = Debug;
		};
		403A1321213CD686007A8B96 /* Release */ = {
			isa = XCBuildConfiguration;
			buildSettings = {
				ALWAYS_EMBED_SWIFT_STANDARD_LIBRARIES = YES;
				CODE_SIGN_STYLE = Automatic;
				DEVELOPMENT_TEAM = 65BZ7J45PP;
				INFOPLIST_FILE = ReaderPlanUITests/Info.plist;
				LD_RUNPATH_SEARCH_PATHS = (
					"$(inherited)",
					"@executable_path/Frameworks",
					"@loader_path/Frameworks",
				);
				PRODUCT_BUNDLE_IDENTIFIER = com.michaelhao.ReaderPlanUITests;
				PRODUCT_NAME = "$(TARGET_NAME)";
				SWIFT_VERSION = 4.0;
				TARGETED_DEVICE_FAMILY = "1,2";
				TEST_TARGET_NAME = ReaderPlan;
			};
			name = Release;
		};
/* End XCBuildConfiguration section */

/* Begin XCConfigurationList section */
		403A12EC213CD683007A8B96 /* Build configuration list for PBXProject "ReaderPlan" */ = {
			isa = XCConfigurationList;
			buildConfigurations = (
				403A1317213CD686007A8B96 /* Debug */,
				403A1318213CD686007A8B96 /* Release */,
			);
			defaultConfigurationIsVisible = 0;
			defaultConfigurationName = Release;
		};
		403A1319213CD686007A8B96 /* Build configuration list for PBXNativeTarget "ReaderPlan" */ = {
			isa = XCConfigurationList;
			buildConfigurations = (
				403A131A213CD686007A8B96 /* Debug */,
				403A131B213CD686007A8B96 /* Release */,
			);
			defaultConfigurationIsVisible = 0;
			defaultConfigurationName = Release;
		};
		403A131C213CD686007A8B96 /* Build configuration list for PBXNativeTarget "ReaderPlanTests" */ = {
			isa = XCConfigurationList;
			buildConfigurations = (
				403A131D213CD686007A8B96 /* Debug */,
				403A131E213CD686007A8B96 /* Release */,
			);
			defaultConfigurationIsVisible = 0;
			defaultConfigurationName = Release;
		};
		403A131F213CD686007A8B96 /* Build configuration list for PBXNativeTarget "ReaderPlanUITests" */ = {
			isa = XCConfigurationList;
			buildConfigurations = (
				403A1320213CD686007A8B96 /* Debug */,
				403A1321213CD686007A8B96 /* Release */,
			);
			defaultConfigurationIsVisible = 0;
			defaultConfigurationName = Release;
		};
/* End XCConfigurationList section */
	};
	rootObject = 403A12E9213CD683007A8B96 /* Project object */;
}
